
Microsoft Visual Studio Solution File, Format Version 12.00
# Visual Studio Version 18
VisualStudioVersion = 18.0.11222.15
MinimumVisualStudioVersion = 10.0.40219.1
Project("{FAE04EC0-301F-11D3-BF4B-00C04F79EFBC}") = "LazyBootstrap", "LazyBootstrap\LazyBootstrap.csproj", "{31332259-038D-4EC3-9BD4-29CEF6A11692}"
EndProject
Project("{FAE04EC0-301F-11D3-BF4B-00C04F79EFBC}") = "LazyBootstrap.Launcher", "LazyBootstrap.Launcher\LazyBootstrap.Launcher.csproj", "{9A49B75B-A2D5-47A8-B980-1E292067A4BE}"
EndProject
Project("{FAE04EC0-301F-11D3-BF4B-00C04F79EFBC}") = "LazyBootstrap.MediaUpdater", "LazyBootstrap.MediaUpdater\LazyBootstrap.MediaUpdater.csproj", "{AB5AF994-A587-43FC-A470-CF07DDE34C3B}"
EndProject
Global
	GlobalSection(SolutionConfigurationPlatforms) = preSolution
		Debug|x64 = Debug|x64
		Release|x64 = Release|x64
	EndGlobalSection
	GlobalSection(ProjectConfigurationPlatforms) = postSolution
		{31332259-038D-4EC3-9BD4-29CEF6A11692}.Debug|x64.ActiveCfg = Debug|x64
		{31332259-038D-4EC3-9BD4-29CEF6A11692}.Debug|x64.Build.0 = Debug|x64
		{31332259-038D-4EC3-9BD4-29CEF6A11692}.Release|x64.ActiveCfg = Release|x64
		{31332259-038D-4EC3-9BD4-29CEF6A11692}.Release|x64.Build.0 = Release|x64
		{9A49B75B-A2D5-47A8-B980-1E292067A4BE}.Debug|x64.ActiveCfg = Debug|x64
		{9A49B75B-A2D5-47A8-B980-1E292067A4BE}.Debug|x64.Build.0 = Debug|x64
		{9A49B75B-A2D5-47A8-B980-1E292067A4BE}.Release|x64.ActiveCfg = Release|x64
		{9A49B75B-A2D5-47A8-B980-1E292067A4BE}.Release|x64.Build.0 = Release|x64
		{AB5AF994-A587-43FC-A470-CF07DDE34C3B}.Debug|x64.ActiveCfg = Debug|x64
		{AB5AF994-A587-43FC-A470-CF07DDE34C3B}.Debug|x64.Build.0 = Debug|x64
		{AB5AF994-A587-43FC-A470-CF07DDE34C3B}.Release|x64.ActiveCfg = Release|x64
		{AB5AF994-A587-43FC-A470-CF07DDE34C3B}.Release|x64.Build.0 = Release|x64
	EndGlobalSection
	GlobalSection(SolutionProperties) = preSolution
		HideSolutionNode = FALSE
	EndGlobalSection
	GlobalSection(ExtensibilityGlobals) = postSolution
		SolutionGuid = {4127428E-1F85-4B0B-BDBD-D897C7E3CA04}
	EndGlobalSection
EndGlobal
