
Microsoft Visual Studio Solution File, Format Version 12.00
# Visual Studio Version 18
VisualStudioVersion = 18.0.11222.15
MinimumVisualStudioVersion = 10.0.40219.1
Project("{FAE04EC0-301F-11D3-BF4B-00C04F79EFBC}") = "LazyBootstrap", "LazyBootstrap\LazyBootstrap.csproj", "{31332259-038D-4EC3-9BD4-29CEF6A11692}"
EndProject
Project("{FAE04EC0-301F-11D3-BF4B-00C04F79EFBC}") = "LazyBootstrap.Launcher", "LazyBootstrap.Launcher\LazyBootstrap.Launcher.csproj", "{9A49B75B-A2D5-47A8-B980-1E292067A4BE}"
EndProject
Project("{2150E333-8FDC-42A3-9474-1A3956D46DE8}") = "LauncherApp", "LauncherApp", "{4AB43358-4296-0C7A-360B-9E6F8044CF7C}"
EndProject
Project("{2150E333-8FDC-42A3-9474-1A3956D46DE8}") = "LazyBootstrap.MediaUpdater", "LazyBootstrap.MediaUpdater", "{248DBFFB-4A26-E3FB-18AC-77507085351C}"
EndProject
Project("{FAE04EC0-301F-11D3-BF4B-00C04F79EFBC}") = "LazyBootstrap.MediaUpdater", "LazyBootstrap.MediaUpdater\LazyBootstrap.MediaUpdater.csproj", "{AB5AF994-A587-43FC-A470-CF07DDE34C3B}"
EndProject
Global
	GlobalSection(SolutionConfigurationPlatforms) = preSolution
		Debug|Any CPU = Debug|Any CPU
		Debug|x64 = Debug|x64
		Debug|x86 = Debug|x86
		Release|Any CPU = Release|Any CPU
		Release|x64 = Release|x64
		Release|x86 = Release|x86
	EndGlobalSection
	GlobalSection(ProjectConfigurationPlatforms) = postSolution
		{31332259-038D-4EC3-9BD4-29CEF6A11692}.Debug|Any CPU.ActiveCfg = Debug|Any CPU
		{31332259-038D-4EC3-9BD4-29CEF6A11692}.Debug|Any CPU.Build.0 = Debug|Any CPU
		{31332259-038D-4EC3-9BD4-29CEF6A11692}.Debug|x64.ActiveCfg = Debug|Any CPU
		{31332259-038D-4EC3-9BD4-29CEF6A11692}.Debug|x64.Build.0 = Debug|Any CPU
		{31332259-038D-4EC3-9BD4-29CEF6A11692}.Debug|x86.ActiveCfg = Debug|Any CPU
		{31332259-038D-4EC3-9BD4-29CEF6A11692}.Debug|x86.Build.0 = Debug|Any CPU
		{31332259-038D-4EC3-9BD4-29CEF6A11692}.Release|Any CPU.ActiveCfg = Release|Any CPU
		{31332259-038D-4EC3-9BD4-29CEF6A11692}.Release|Any CPU.Build.0 = Release|Any CPU
		{31332259-038D-4EC3-9BD4-29CEF6A11692}.Release|x64.ActiveCfg = Release|Any CPU
		{31332259-038D-4EC3-9BD4-29CEF6A11692}.Release|x64.Build.0 = Release|Any CPU
		{31332259-038D-4EC3-9BD4-29CEF6A11692}.Release|x86.ActiveCfg = Release|Any CPU
		{31332259-038D-4EC3-9BD4-29CEF6A11692}.Release|x86.Build.0 = Release|Any CPU
		{9A49B75B-A2D5-47A8-B980-1E292067A4BE}.Debug|Any CPU.ActiveCfg = Debug|Any CPU
		{9A49B75B-A2D5-47A8-B980-1E292067A4BE}.Debug|Any CPU.Build.0 = Debug|Any CPU
		{9A49B75B-A2D5-47A8-B980-1E292067A4BE}.Debug|x64.ActiveCfg = Debug|Any CPU
		{9A49B75B-A2D5-47A8-B980-1E292067A4BE}.Debug|x64.Build.0 = Debug|Any CPU
		{9A49B75B-A2D5-47A8-B980-1E292067A4BE}.Debug|x86.ActiveCfg = Debug|Any CPU
		{9A49B75B-A2D5-47A8-B980-1E292067A4BE}.Debug|x86.Build.0 = Debug|Any CPU
		{9A49B75B-A2D5-47A8-B980-1E292067A4BE}.Release|Any CPU.ActiveCfg = Release|Any CPU
		{9A49B75B-A2D5-47A8-B980-1E292067A4BE}.Release|Any CPU.Build.0 = Release|Any CPU
		{9A49B75B-A2D5-47A8-B980-1E292067A4BE}.Release|x64.ActiveCfg = Release|Any CPU
		{9A49B75B-A2D5-47A8-B980-1E292067A4BE}.Release|x64.Build.0 = Release|Any CPU
		{9A49B75B-A2D5-47A8-B980-1E292067A4BE}.Release|x86.ActiveCfg = Release|Any CPU
		{9A49B75B-A2D5-47A8-B980-1E292067A4BE}.Release|x86.Build.0 = Release|Any CPU
		{AB5AF994-A587-43FC-A470-CF07DDE34C3B}.Debug|Any CPU.ActiveCfg = Debug|Any CPU
		{AB5AF994-A587-43FC-A470-CF07DDE34C3B}.Debug|Any CPU.Build.0 = Debug|Any CPU
		{AB5AF994-A587-43FC-A470-CF07DDE34C3B}.Debug|x64.ActiveCfg = Debug|Any CPU
		{AB5AF994-A587-43FC-A470-CF07DDE34C3B}.Debug|x64.Build.0 = Debug|Any CPU
		{AB5AF994-A587-43FC-A470-CF07DDE34C3B}.Debug|x86.ActiveCfg = Debug|Any CPU
		{AB5AF994-A587-43FC-A470-CF07DDE34C3B}.Debug|x86.Build.0 = Debug|Any CPU
		{AB5AF994-A587-43FC-A470-CF07DDE34C3B}.Release|Any CPU.ActiveCfg = Release|Any CPU
		{AB5AF994-A587-43FC-A470-CF07DDE34C3B}.Release|Any CPU.Build.0 = Release|Any CPU
		{AB5AF994-A587-43FC-A470-CF07DDE34C3B}.Release|x64.ActiveCfg = Release|Any CPU
		{AB5AF994-A587-43FC-A470-CF07DDE34C3B}.Release|x64.Build.0 = Release|Any CPU
		{AB5AF994-A587-43FC-A470-CF07DDE34C3B}.Release|x86.ActiveCfg = Release|Any CPU
		{AB5AF994-A587-43FC-A470-CF07DDE34C3B}.Release|x86.Build.0 = Release|Any CPU
	EndGlobalSection
	GlobalSection(SolutionProperties) = preSolution
		HideSolutionNode = FALSE
	EndGlobalSection
	GlobalSection(NestedProjects) = preSolution
		{248DBFFB-4A26-E3FB-18AC-77507085351C} = {4AB43358-4296-0C7A-360B-9E6F8044CF7C}
		{AB5AF994-A587-43FC-A470-CF07DDE34C3B} = {248DBFFB-4A26-E3FB-18AC-77507085351C}
	EndGlobalSection
	GlobalSection(ExtensibilityGlobals) = postSolution
		SolutionGuid = {4127428E-1F85-4B0B-BDBD-D897C7E3CA04}
	EndGlobalSection
EndGlobal
