
Microsoft Visual Studio Solution File, Format Version 12.00
# Visual Studio Version 18
VisualStudioVersion = 18.0.11222.15 d18.0
MinimumVisualStudioVersion = 10.0.40219.1
Project("{FAE04EC0-301F-11D3-BF4B-00C04F79EFBC}") = "LazyBootstrap", "LazyBootstrap\LazyBootstrap.csproj", "{31332259-038D-4EC3-9BD4-29CEF6A11692}"
EndProject
Global
	GlobalSection(SolutionConfigurationPlatforms) = preSolution
		Debug|Any CPU = Debug|Any CPU
		Release|Any CPU = Release|Any CPU
	EndGlobalSection
	GlobalSection(ProjectConfigurationPlatforms) = postSolution
		{31332259-038D-4EC3-9BD4-29CEF6A11692}.Debug|Any CPU.ActiveCfg = Debug|Any CPU
		{31332259-038D-4EC3-9BD4-29CEF6A11692}.Debug|Any CPU.Build.0 = Debug|Any CPU
		{31332259-038D-4EC3-9BD4-29CEF6A11692}.Release|Any CPU.ActiveCfg = Release|Any CPU
		{31332259-038D-4EC3-9BD4-29CEF6A11692}.Release|Any CPU.Build.0 = Release|Any CPU
	EndGlobalSection
	GlobalSection(SolutionProperties) = preSolution
		HideSolutionNode = FALSE
	EndGlobalSection
	GlobalSection(ExtensibilityGlobals) = postSolution
		SolutionGuid = {4127428E-1F85-4B0B-BDBD-D897C7E3CA04}
	EndGlobalSection
EndGlobal
